# This file is automatically @generated by Cargo.
# It is not intended for manual editing.
version = 4

[[package]]
name = "anstream"
version = "0.6.18"
source = "registry+https://github.com/rust-lang/crates.io-index"
checksum = "8acc5369981196006228e28809f761875c0327210a891e941f4c683b3a99529b"
dependencies = [
 "anstyle",
 "anstyle-parse",
 "anstyle-query",
 "anstyle-wincon",
 "colorchoice",
 "is_terminal_polyfill",
 "utf8parse",
]

[[package]]
name = "anstyle"
version = "1.0.10"
source = "registry+https://github.com/rust-lang/crates.io-index"
checksum = "55cc3b69f167a1ef2e161439aa98aed94e6028e5f9a59be9a6ffb47aef1651f9"

[[package]]
name = "anstyle-parse"
version = "0.2.6"
source = "registry+https://github.com/rust-lang/crates.io-index"
checksum = "3b2d16507662817a6a20a9ea92df6652ee4f94f914589377d69f3b21bc5798a9"
dependencies = [
 "utf8parse",
]

[[package]]
name = "anstyle-query"
version = "1.1.2"
source = "registry+https://github.com/rust-lang/crates.io-index"
checksum = "79947af37f4177cfead1110013d678905c37501914fba0efea834c3fe9a8d60c"
dependencies = [
 "windows-sys 0.59.0",
]

[[package]]
name = "anstyle-wincon"
version = "3.0.7"
source = "registry+https://github.com/rust-lang/crates.io-index"
checksum = "ca3534e77181a9cc07539ad51f2141fe32f6c3ffd4df76db8ad92346b003ae4e"
dependencies = [
 "anstyle",
 "once_cell",
 "windows-sys 0.59.0",
]

[[package]]
name = "anyhow"
version = "1.0.97"
source = "registry+https://github.com/rust-lang/crates.io-index"
checksum = "dcfed56ad506cb2c684a14971b8861fdc3baaaae314b9e5f9bb532cbe3ba7a4f"

[[package]]
name = "ashpd"
version = "0.12.0"
source = "registry+https://github.com/rust-lang/crates.io-index"
checksum = "da0986d5b4f0802160191ad75f8d33ada000558757db3defb70299ca95d9fcbd"
dependencies = [
 "enumflags2",
 "futures-channel",
 "futures-util",
 "rand",
 "serde",
 "serde_repr",
 "tokio",
 "url",
 "zbus",
]

[[package]]
name = "async-broadcast"
version = "0.7.2"
source = "registry+https://github.com/rust-lang/crates.io-index"
checksum = "435a87a52755b8f27fcf321ac4f04b2802e337c8c4872923137471ec39c37532"
dependencies = [
 "event-listener",
 "event-listener-strategy",
 "futures-core",
 "pin-project-lite",
]

[[package]]
name = "async-recursion"
version = "1.1.1"
source = "registry+https://github.com/rust-lang/crates.io-index"
checksum = "3b43422f69d8ff38f95f1b2bb76517c91589a924d1559a0e935d7c8ce0274c11"
dependencies = [
 "proc-macro2",
 "quote",
 "syn",
]

[[package]]
name = "async-trait"
version = "0.1.88"
source = "registry+https://github.com/rust-lang/crates.io-index"
checksum = "e539d3fca749fcee5236ab05e93a52867dd549cc157c8cb7f99595f3cedffdb5"
dependencies = [
 "proc-macro2",
 "quote",
 "syn",
]

[[package]]
name = "autocfg"
version = "1.4.0"
source = "registry+https://github.com/rust-lang/crates.io-index"
checksum = "ace50bade8e6234aa140d9a2f552bbee1db4d353f69b8217bc503490fc1a9f26"

[[package]]
name = "bitflags"
version = "2.9.0"
source = "registry+https://github.com/rust-lang/crates.io-index"
checksum = "5c8214115b7bf84099f1309324e63141d4c5d7cc26862f97a0a857dbefe165bd"

[[package]]
name = "block2"
version = "0.6.0"
source = "registry+https://github.com/rust-lang/crates.io-index"
checksum = "1d59b4c170e16f0405a2e95aff44432a0d41aa97675f3d52623effe95792a037"
dependencies = [
 "objc2",
]

[[package]]
name = "bytes"
version = "1.10.1"
source = "registry+https://github.com/rust-lang/crates.io-index"
checksum = "d71b6127be86fdcfddb610f7182ac57211d4b18a3e9c82eb2d17662f2227ad6a"

[[package]]
name = "cfg-if"
version = "1.0.0"
source = "registry+https://github.com/rust-lang/crates.io-index"
checksum = "baf1de4339761588bc0619e3cbc0120ee582ebb74b53b4efbf79117bd2da40fd"

[[package]]
name = "cfg_aliases"
version = "0.2.1"
source = "registry+https://github.com/rust-lang/crates.io-index"
checksum = "613afe47fcd5fac7ccf1db93babcb082c5994d996f20b8b159f2ad1658eb5724"

[[package]]
name = "clap"
version = "4.5.32"
source = "registry+https://github.com/rust-lang/crates.io-index"
checksum = "6088f3ae8c3608d19260cd7445411865a485688711b78b5be70d78cd96136f83"
dependencies = [
 "clap_builder",
 "clap_derive",
]

[[package]]
name = "clap_builder"
version = "4.5.32"
source = "registry+https://github.com/rust-lang/crates.io-index"
checksum = "22a7ef7f676155edfb82daa97f99441f3ebf4a58d5e32f295a56259f1b6facc8"
dependencies = [
 "anstream",
 "anstyle",
 "clap_lex",
 "strsim",
]

[[package]]
name = "clap_derive"
version = "4.5.32"
source = "registry+https://github.com/rust-lang/crates.io-index"
checksum = "09176aae279615badda0765c0c0b3f6ed53f4709118af73cf4655d85d1530cd7"
dependencies = [
 "heck",
 "proc-macro2",
 "quote",
 "syn",
]

[[package]]
name = "clap_lex"
version = "0.7.4"
source = "registry+https://github.com/rust-lang/crates.io-index"
checksum = "f46ad14479a25103f283c0f10005961cf086d8dc42205bb44c46ac563475dca6"

[[package]]
name = "colorchoice"
version = "1.0.3"
source = "registry+https://github.com/rust-lang/crates.io-index"
checksum = "5b63caa9aa9397e2d9480a9b13673856c78d8ac123288526c37d7839f2a86990"

[[package]]
name = "concurrent-queue"
version = "2.5.0"
source = "registry+https://github.com/rust-lang/crates.io-index"
checksum = "4ca0197aee26d1ae37445ee532fefce43251d24cc7c166799f4d46817f1d3973"
dependencies = [
 "crossbeam-utils",
]

[[package]]
name = "crossbeam-utils"
version = "0.8.21"
source = "registry+https://github.com/rust-lang/crates.io-index"
checksum = "d0a5c400df2834b80a4c3327b3aad3a4c4cd4de0629063962b03235697506a28"

[[package]]
name = "dark-mode-daemon"
version = "0.1.0"
dependencies = [
 "anyhow",
 "ashpd",
 "block2",
 "clap",
 "futures",
 "objc2",
 "objc2-app-kit",
 "objc2-foundation",
 "tokio",
 "xdg",
]

[[package]]
name = "displaydoc"
version = "0.2.5"
source = "registry+https://github.com/rust-lang/crates.io-index"
checksum = "97369cbbc041bc366949bc74d34658d6cda5621039731c6310521892a3a20ae0"
dependencies = [
 "proc-macro2",
 "quote",
 "syn",
]

[[package]]
name = "endi"
version = "1.1.0"
source = "registry+https://github.com/rust-lang/crates.io-index"
checksum = "a3d8a32ae18130a3c84dd492d4215c3d913c3b07c6b63c2eb3eb7ff1101ab7bf"

[[package]]
name = "enumflags2"
version = "0.7.11"
source = "registry+https://github.com/rust-lang/crates.io-index"
checksum = "ba2f4b465f5318854c6f8dd686ede6c0a9dc67d4b1ac241cf0eb51521a309147"
dependencies = [
 "enumflags2_derive",
 "serde",
]

[[package]]
name = "enumflags2_derive"
version = "0.7.11"
source = "registry+https://github.com/rust-lang/crates.io-index"
checksum = "fc4caf64a58d7a6d65ab00639b046ff54399a39f5f2554728895ace4b297cd79"
dependencies = [
 "proc-macro2",
 "quote",
 "syn",
]

[[package]]
name = "equivalent"
version = "1.0.2"
source = "registry+https://github.com/rust-lang/crates.io-index"
checksum = "877a4ace8713b0bcf2a4e7eec82529c029f1d0619886d18145fea96c3ffe5c0f"

[[package]]
name = "errno"
version = "0.3.10"
source = "registry+https://github.com/rust-lang/crates.io-index"
checksum = "33d852cb9b869c2a9b3df2f71a3074817f01e1844f839a144f5fcef059a4eb5d"
dependencies = [
 "libc",
 "windows-sys 0.59.0",
]

[[package]]
name = "event-listener"
version = "5.4.0"
source = "registry+https://github.com/rust-lang/crates.io-index"
checksum = "3492acde4c3fc54c845eaab3eed8bd00c7a7d881f78bfc801e43a93dec1331ae"
dependencies = [
 "concurrent-queue",
 "parking",
 "pin-project-lite",
]

[[package]]
name = "event-listener-strategy"
version = "0.5.3"
source = "registry+https://github.com/rust-lang/crates.io-index"
checksum = "3c3e4e0dd3673c1139bf041f3008816d9cf2946bbfac2945c09e523b8d7b05b2"
dependencies = [
 "event-listener",
 "pin-project-lite",
]

[[package]]
name = "fastrand"
version = "2.3.0"
source = "registry+https://github.com/rust-lang/crates.io-index"
checksum = "37909eebbb50d72f9059c3b6d82c0463f2ff062c9e95845c43a6c9c0355411be"

[[package]]
name = "form_urlencoded"
version = "1.2.1"
source = "registry+https://github.com/rust-lang/crates.io-index"
checksum = "e13624c2627564efccf4934284bdd98cbaa14e79b0b5a141218e507b3a823456"
dependencies = [
 "percent-encoding",
]

[[package]]
name = "futures"
version = "0.3.31"
source = "registry+https://github.com/rust-lang/crates.io-index"
checksum = "65bc07b1a8bc7c85c5f2e110c476c7389b4554ba72af57d8445ea63a576b0876"
dependencies = [
 "futures-channel",
 "futures-core",
 "futures-executor",
 "futures-io",
 "futures-sink",
 "futures-task",
 "futures-util",
]

[[package]]
name = "futures-channel"
version = "0.3.31"
source = "registry+https://github.com/rust-lang/crates.io-index"
checksum = "2dff15bf788c671c1934e366d07e30c1814a8ef514e1af724a602e8a2fbe1b10"
dependencies = [
 "futures-core",
 "futures-sink",
]

[[package]]
name = "futures-core"
version = "0.3.31"
source = "registry+https://github.com/rust-lang/crates.io-index"
checksum = "05f29059c0c2090612e8d742178b0580d2dc940c837851ad723096f87af6663e"

[[package]]
name = "futures-executor"
version = "0.3.31"
source = "registry+https://github.com/rust-lang/crates.io-index"
checksum = "1e28d1d997f585e54aebc3f97d39e72338912123a67330d723fdbb564d646c9f"
dependencies = [
 "futures-core",
 "futures-task",
 "futures-util",
]

[[package]]
name = "futures-io"
version = "0.3.31"
source = "registry+https://github.com/rust-lang/crates.io-index"
checksum = "9e5c1b78ca4aae1ac06c48a526a655760685149f0d465d21f37abfe57ce075c6"

[[package]]
name = "futures-lite"
version = "2.6.0"
source = "registry+https://github.com/rust-lang/crates.io-index"
checksum = "f5edaec856126859abb19ed65f39e90fea3a9574b9707f13539acf4abf7eb532"
dependencies = [
 "fastrand",
 "futures-core",
 "futures-io",
 "parking",
 "pin-project-lite",
]

[[package]]
name = "futures-macro"
version = "0.3.31"
source = "registry+https://github.com/rust-lang/crates.io-index"
checksum = "162ee34ebcb7c64a8abebc059ce0fee27c2262618d7b60ed8faf72fef13c3650"
dependencies = [
 "proc-macro2",
 "quote",
 "syn",
]

[[package]]
name = "futures-sink"
version = "0.3.31"
source = "registry+https://github.com/rust-lang/crates.io-index"
checksum = "e575fab7d1e0dcb8d0c7bcf9a63ee213816ab51902e6d244a95819acacf1d4f7"

[[package]]
name = "futures-task"
version = "0.3.31"
source = "registry+https://github.com/rust-lang/crates.io-index"
checksum = "f90f7dce0722e95104fcb095585910c0977252f286e354b5e3bd38902cd99988"

[[package]]
name = "futures-util"
version = "0.3.31"
source = "registry+https://github.com/rust-lang/crates.io-index"
checksum = "9fa08315bb612088cc391249efdc3bc77536f16c91f6cf495e6fbe85b20a4a81"
dependencies = [
 "futures-channel",
 "futures-core",
 "futures-io",
 "futures-macro",
 "futures-sink",
 "futures-task",
 "memchr",
 "pin-project-lite",
 "pin-utils",
 "slab",
]

[[package]]
name = "getrandom"
version = "0.3.1"
source = "registry+https://github.com/rust-lang/crates.io-index"
checksum = "43a49c392881ce6d5c3b8cb70f98717b7c07aabbdff06687b9030dbfbe2725f8"
dependencies = [
 "cfg-if",
 "libc",
 "wasi 0.13.3+wasi-0.2.2",
 "windows-targets 0.52.6",
]

[[package]]
name = "hashbrown"
version = "0.15.2"
source = "registry+https://github.com/rust-lang/crates.io-index"
checksum = "bf151400ff0baff5465007dd2f3e717f3fe502074ca563069ce3a6629d07b289"

[[package]]
name = "heck"
version = "0.5.0"
source = "registry+https://github.com/rust-lang/crates.io-index"
checksum = "2304e00983f87ffb38b55b444b5e3b60a884b5d30c0fca7d82fe33449bbe55ea"

[[package]]
name = "hex"
version = "0.4.3"
source = "registry+https://github.com/rust-lang/crates.io-index"
checksum = "7f24254aa9a54b5c858eaee2f5bccdb46aaf0e486a595ed5fd8f86ba55232a70"

[[package]]
name = "icu_collections"
version = "1.5.0"
source = "registry+https://github.com/rust-lang/crates.io-index"
checksum = "db2fa452206ebee18c4b5c2274dbf1de17008e874b4dc4f0aea9d01ca79e4526"
dependencies = [
 "displaydoc",
 "yoke",
 "zerofrom",
 "zerovec",
]

[[package]]
name = "icu_locid"
version = "1.5.0"
source = "registry+https://github.com/rust-lang/crates.io-index"
checksum = "13acbb8371917fc971be86fc8057c41a64b521c184808a698c02acc242dbf637"
dependencies = [
 "displaydoc",
 "litemap",
 "tinystr",
 "writeable",
 "zerovec",
]

[[package]]
name = "icu_locid_transform"
version = "1.5.0"
source = "registry+https://github.com/rust-lang/crates.io-index"
checksum = "01d11ac35de8e40fdeda00d9e1e9d92525f3f9d887cdd7aa81d727596788b54e"
dependencies = [
 "displaydoc",
 "icu_locid",
 "icu_locid_transform_data",
 "icu_provider",
 "tinystr",
 "zerovec",
]

[[package]]
name = "icu_locid_transform_data"
version = "1.5.0"
source = "registry+https://github.com/rust-lang/crates.io-index"
checksum = "fdc8ff3388f852bede6b579ad4e978ab004f139284d7b28715f773507b946f6e"

[[package]]
name = "icu_normalizer"
version = "1.5.0"
source = "registry+https://github.com/rust-lang/crates.io-index"
checksum = "19ce3e0da2ec68599d193c93d088142efd7f9c5d6fc9b803774855747dc6a84f"
dependencies = [
 "displaydoc",
 "icu_collections",
 "icu_normalizer_data",
 "icu_properties",
 "icu_provider",
 "smallvec",
 "utf16_iter",
 "utf8_iter",
 "write16",
 "zerovec",
]

[[package]]
name = "icu_normalizer_data"
version = "1.5.0"
source = "registry+https://github.com/rust-lang/crates.io-index"
checksum = "f8cafbf7aa791e9b22bec55a167906f9e1215fd475cd22adfcf660e03e989516"

[[package]]
name = "icu_properties"
version = "1.5.1"
source = "registry+https://github.com/rust-lang/crates.io-index"
checksum = "93d6020766cfc6302c15dbbc9c8778c37e62c14427cb7f6e601d849e092aeef5"
dependencies = [
 "displaydoc",
 "icu_collections",
 "icu_locid_transform",
 "icu_properties_data",
 "icu_provider",
 "tinystr",
 "zerovec",
]

[[package]]
name = "icu_properties_data"
version = "1.5.0"
source = "registry+https://github.com/rust-lang/crates.io-index"
checksum = "67a8effbc3dd3e4ba1afa8ad918d5684b8868b3b26500753effea8d2eed19569"

[[package]]
name = "icu_provider"
version = "1.5.0"
source = "registry+https://github.com/rust-lang/crates.io-index"
checksum = "6ed421c8a8ef78d3e2dbc98a973be2f3770cb42b606e3ab18d6237c4dfde68d9"
dependencies = [
 "displaydoc",
 "icu_locid",
 "icu_provider_macros",
 "stable_deref_trait",
 "tinystr",
 "writeable",
 "yoke",
 "zerofrom",
 "zerovec",
]

[[package]]
name = "icu_provider_macros"
version = "1.5.0"
source = "registry+https://github.com/rust-lang/crates.io-index"
checksum = "1ec89e9337638ecdc08744df490b221a7399bf8d164eb52a665454e60e075ad6"
dependencies = [
 "proc-macro2",
 "quote",
 "syn",
]

[[package]]
name = "idna"
version = "1.0.3"
source = "registry+https://github.com/rust-lang/crates.io-index"
checksum = "686f825264d630750a544639377bae737628043f20d38bbc029e8f29ea968a7e"
dependencies = [
 "idna_adapter",
 "smallvec",
 "utf8_iter",
]

[[package]]
name = "idna_adapter"
version = "1.2.0"
source = "registry+https://github.com/rust-lang/crates.io-index"
checksum = "daca1df1c957320b2cf139ac61e7bd64fed304c5040df000a745aa1de3b4ef71"
dependencies = [
 "icu_normalizer",
 "icu_properties",
]

[[package]]
name = "indexmap"
version = "2.8.0"
source = "registry+https://github.com/rust-lang/crates.io-index"
checksum = "3954d50fe15b02142bf25d3b8bdadb634ec3948f103d04ffe3031bc8fe9d7058"
dependencies = [
 "equivalent",
 "hashbrown",
]

[[package]]
name = "is_terminal_polyfill"
version = "1.70.1"
source = "registry+https://github.com/rust-lang/crates.io-index"
checksum = "7943c866cc5cd64cbc25b2e01621d07fa8eb2a1a23160ee81ce38704e97b8ecf"

[[package]]
name = "libc"
version = "0.2.177"
source = "registry+https://github.com/rust-lang/crates.io-index"
checksum = "2874a2af47a2325c2001a6e6fad9b16a53b802102b528163885171cf92b15976"

[[package]]
name = "linux-raw-sys"
version = "0.9.3"
source = "registry+https://github.com/rust-lang/crates.io-index"
checksum = "fe7db12097d22ec582439daf8618b8fdd1a7bef6270e9af3b1ebcd30893cf413"

[[package]]
name = "litemap"
version = "0.7.5"
source = "registry+https://github.com/rust-lang/crates.io-index"
checksum = "23fb14cb19457329c82206317a5663005a4d404783dc74f4252769b0d5f42856"

[[package]]
name = "lock_api"
version = "0.4.14"
source = "registry+https://github.com/rust-lang/crates.io-index"
checksum = "224399e74b87b5f3557511d98dff8b14089b3dadafcab6bb93eab67d3aace965"
dependencies = [
 "scopeguard",
]

[[package]]
name = "memchr"
version = "2.7.4"
source = "registry+https://github.com/rust-lang/crates.io-index"
checksum = "78ca9ab1a0babb1e7d5695e3530886289c18cf2f87ec19a575a0abdce112e3a3"

[[package]]
name = "memoffset"
version = "0.9.1"
source = "registry+https://github.com/rust-lang/crates.io-index"
checksum = "488016bfae457b036d996092f6cb448677611ce4449e970ceaf42695203f218a"
dependencies = [
 "autocfg",
]

[[package]]
name = "mio"
version = "1.1.0"
source = "registry+https://github.com/rust-lang/crates.io-index"
checksum = "69d83b0086dc8ecf3ce9ae2874b2d1290252e2a30720bea58a5c6639b0092873"
dependencies = [
 "libc",
 "wasi 0.11.0+wasi-snapshot-preview1",
 "windows-sys 0.61.2",
]

[[package]]
name = "nix"
version = "0.29.0"
source = "registry+https://github.com/rust-lang/crates.io-index"
checksum = "71e2746dc3a24dd78b3cfcb7be93368c6de9963d30f43a6a73998a9cf4b17b46"
dependencies = [
 "bitflags",
 "cfg-if",
 "cfg_aliases",
 "libc",
 "memoffset",
]

[[package]]
name = "objc2"
version = "0.6.0"
source = "registry+https://github.com/rust-lang/crates.io-index"
checksum = "3531f65190d9cff863b77a99857e74c314dd16bf56c538c4b57c7cbc3f3a6e59"
dependencies = [
 "objc2-encode",
]

[[package]]
name = "objc2-app-kit"
version = "0.3.0"
source = "registry+https://github.com/rust-lang/crates.io-index"
checksum = "5906f93257178e2f7ae069efb89fbd6ee94f0592740b5f8a1512ca498814d0fb"
dependencies = [
 "bitflags",
 "block2",
 "libc",
 "objc2",
 "objc2-cloud-kit",
 "objc2-core-data",
 "objc2-core-foundation",
 "objc2-core-graphics",
 "objc2-core-image",
 "objc2-foundation",
 "objc2-quartz-core",
]

[[package]]
name = "objc2-cloud-kit"
version = "0.3.0"
source = "registry+https://github.com/rust-lang/crates.io-index"
checksum = "6c1948a9be5f469deadbd6bcb86ad7ff9e47b4f632380139722f7d9840c0d42c"
dependencies = [
 "bitflags",
 "objc2",
 "objc2-foundation",
]

[[package]]
name = "objc2-core-data"
version = "0.3.0"
source = "registry+https://github.com/rust-lang/crates.io-index"
checksum = "1f860f8e841f6d32f754836f51e6bc7777cd7e7053cf18528233f6811d3eceb4"
dependencies = [
 "bitflags",
 "objc2",
 "objc2-foundation",
]

[[package]]
name = "objc2-core-foundation"
version = "0.3.0"
source = "registry+https://github.com/rust-lang/crates.io-index"
checksum = "daeaf60f25471d26948a1c2f840e3f7d86f4109e3af4e8e4b5cd70c39690d925"
dependencies = [
 "bitflags",
 "objc2",
]

[[package]]
name = "objc2-core-graphics"
version = "0.3.0"
source = "registry+https://github.com/rust-lang/crates.io-index"
checksum = "f8dca602628b65356b6513290a21a6405b4d4027b8b250f0b98dddbb28b7de02"
dependencies = [
 "bitflags",
 "objc2",
 "objc2-core-foundation",
 "objc2-io-surface",
]

[[package]]
name = "objc2-core-image"
version = "0.3.0"
source = "registry+https://github.com/rust-lang/crates.io-index"
checksum = "6ffa6bea72bf42c78b0b34e89c0bafac877d5f80bf91e159a5d96ea7f693ca56"
dependencies = [
 "objc2",
 "objc2-foundation",
]

[[package]]
name = "objc2-encode"
version = "4.1.0"
source = "registry+https://github.com/rust-lang/crates.io-index"
checksum = "ef25abbcd74fb2609453eb695bd2f860d389e457f67dc17cafc8b8cbc89d0c33"

[[package]]
name = "objc2-foundation"
version = "0.3.0"
source = "registry+https://github.com/rust-lang/crates.io-index"
checksum = "3a21c6c9014b82c39515db5b396f91645182611c97d24637cf56ac01e5f8d998"
dependencies = [
 "bitflags",
 "block2",
 "libc",
 "objc2",
 "objc2-core-foundation",
]

[[package]]
name = "objc2-io-surface"
version = "0.3.0"
source = "registry+https://github.com/rust-lang/crates.io-index"
checksum = "161a8b87e32610086e1a7a9e9ec39f84459db7b3a0881c1f16ca5a2605581c19"
dependencies = [
 "bitflags",
 "objc2",
 "objc2-core-foundation",
]

[[package]]
name = "objc2-quartz-core"
version = "0.3.0"
source = "registry+https://github.com/rust-lang/crates.io-index"
checksum = "6fb3794501bb1bee12f08dcad8c61f2a5875791ad1c6f47faa71a0f033f20071"
dependencies = [
 "bitflags",
 "objc2",
 "objc2-foundation",
]

[[package]]
name = "once_cell"
version = "1.21.1"
source = "registry+https://github.com/rust-lang/crates.io-index"
checksum = "d75b0bedcc4fe52caa0e03d9f1151a323e4aa5e2d78ba3580400cd3c9e2bc4bc"

[[package]]
name = "ordered-stream"
version = "0.2.0"
source = "registry+https://github.com/rust-lang/crates.io-index"
checksum = "9aa2b01e1d916879f73a53d01d1d6cee68adbb31d6d9177a8cfce093cced1d50"
dependencies = [
 "futures-core",
 "pin-project-lite",
]

[[package]]
name = "parking"
version = "2.2.1"
source = "registry+https://github.com/rust-lang/crates.io-index"
checksum = "f38d5652c16fde515bb1ecef450ab0f6a219d619a7274976324d5e377f7dceba"

[[package]]
name = "parking_lot"
version = "0.12.5"
source = "registry+https://github.com/rust-lang/crates.io-index"
checksum = "93857453250e3077bd71ff98b6a65ea6621a19bb0f559a85248955ac12c45a1a"
dependencies = [
 "lock_api",
 "parking_lot_core",
]

[[package]]
name = "parking_lot_core"
version = "0.9.12"
source = "registry+https://github.com/rust-lang/crates.io-index"
checksum = "2621685985a2ebf1c516881c026032ac7deafcda1a2c9b7850dc81e3dfcb64c1"
dependencies = [
 "cfg-if",
 "libc",
 "redox_syscall",
 "smallvec",
 "windows-link",
]

[[package]]
name = "percent-encoding"
version = "2.3.1"
source = "registry+https://github.com/rust-lang/crates.io-index"
checksum = "e3148f5046208a5d56bcfc03053e3ca6334e51da8dfb19b6cdc8b306fae3283e"

[[package]]
name = "pin-project-lite"
version = "0.2.16"
source = "registry+https://github.com/rust-lang/crates.io-index"
checksum = "3b3cff922bd51709b605d9ead9aa71031d81447142d828eb4a6eba76fe619f9b"

[[package]]
name = "pin-utils"
version = "0.1.0"
source = "registry+https://github.com/rust-lang/crates.io-index"
checksum = "8b870d8c151b6f2fb93e84a13146138f05d02ed11c7e7c54f8826aaaf7c9f184"

[[package]]
name = "ppv-lite86"
version = "0.2.21"
source = "registry+https://github.com/rust-lang/crates.io-index"
checksum = "85eae3c4ed2f50dcfe72643da4befc30deadb458a9b590d720cde2f2b1e97da9"
dependencies = [
 "zerocopy",
]

[[package]]
name = "proc-macro-crate"
version = "3.3.0"
source = "registry+https://github.com/rust-lang/crates.io-index"
checksum = "edce586971a4dfaa28950c6f18ed55e0406c1ab88bbce2c6f6293a7aaba73d35"
dependencies = [
 "toml_edit",
]

[[package]]
name = "proc-macro2"
version = "1.0.94"
source = "registry+https://github.com/rust-lang/crates.io-index"
checksum = "a31971752e70b8b2686d7e46ec17fb38dad4051d94024c88df49b667caea9c84"
dependencies = [
 "unicode-ident",
]

[[package]]
name = "quote"
version = "1.0.40"
source = "registry+https://github.com/rust-lang/crates.io-index"
checksum = "1885c039570dc00dcb4ff087a89e185fd56bae234ddc7f056a945bf36467248d"
dependencies = [
 "proc-macro2",
]

[[package]]
name = "rand"
version = "0.9.2"
source = "registry+https://github.com/rust-lang/crates.io-index"
checksum = "6db2770f06117d490610c7488547d543617b21bfa07796d7a12f6f1bd53850d1"
dependencies = [
 "rand_chacha",
 "rand_core",
]

[[package]]
name = "rand_chacha"
version = "0.9.0"
source = "registry+https://github.com/rust-lang/crates.io-index"
checksum = "d3022b5f1df60f26e1ffddd6c66e8aa15de382ae63b3a0c1bfc0e4d3e3f325cb"
dependencies = [
 "ppv-lite86",
 "rand_core",
]

[[package]]
name = "rand_core"
version = "0.9.3"
source = "registry+https://github.com/rust-lang/crates.io-index"
checksum = "99d9a13982dcf210057a8a78572b2217b667c3beacbf3a0d8b454f6f82837d38"
dependencies = [
 "getrandom",
]

[[package]]
name = "redox_syscall"
version = "0.5.18"
source = "registry+https://github.com/rust-lang/crates.io-index"
checksum = "ed2bf2547551a7053d6fdfafda3f938979645c44812fbfcda098faae3f1a362d"
dependencies = [
 "bitflags",
]

[[package]]
name = "rustix"
version = "1.0.2"
source = "registry+https://github.com/rust-lang/crates.io-index"
checksum = "f7178faa4b75a30e269c71e61c353ce2748cf3d76f0c44c393f4e60abf49b825"
dependencies = [
 "bitflags",
 "errno",
 "libc",
 "linux-raw-sys",
 "windows-sys 0.59.0",
]

[[package]]
name = "scopeguard"
version = "1.2.0"
source = "registry+https://github.com/rust-lang/crates.io-index"
checksum = "94143f37725109f92c262ed2cf5e59bce7498c01bcc1502d7b9afe439a4e9f49"

[[package]]
name = "serde"
version = "1.0.219"
source = "registry+https://github.com/rust-lang/crates.io-index"
checksum = "5f0e2c6ed6606019b4e29e69dbaba95b11854410e5347d525002456dbbb786b6"
dependencies = [
 "serde_derive",
]

[[package]]
name = "serde_derive"
version = "1.0.219"
source = "registry+https://github.com/rust-lang/crates.io-index"
checksum = "5b0276cf7f2c73365f7157c8123c21cd9a50fbbd844757af28ca1f5925fc2a00"
dependencies = [
 "proc-macro2",
 "quote",
 "syn",
]

[[package]]
name = "serde_repr"
version = "0.1.20"
source = "registry+https://github.com/rust-lang/crates.io-index"
checksum = "175ee3e80ae9982737ca543e96133087cbd9a485eecc3bc4de9c1a37b47ea59c"
dependencies = [
 "proc-macro2",
 "quote",
 "syn",
]

[[package]]
name = "signal-hook-registry"
version = "1.4.2"
source = "registry+https://github.com/rust-lang/crates.io-index"
checksum = "a9e9e0b4211b72e7b8b6e85c807d36c212bdb33ea8587f7569562a84df5465b1"
dependencies = [
 "libc",
]

[[package]]
name = "slab"
version = "0.4.9"
source = "registry+https://github.com/rust-lang/crates.io-index"
checksum = "8f92a496fb766b417c996b9c5e57daf2f7ad3b0bebe1ccfca4856390e3d3bb67"
dependencies = [
 "autocfg",
]

[[package]]
name = "smallvec"
version = "1.14.0"
source = "registry+https://github.com/rust-lang/crates.io-index"
checksum = "7fcf8323ef1faaee30a44a340193b1ac6814fd9b7b4e88e9d4519a3e4abe1cfd"

[[package]]
name = "socket2"
version = "0.6.1"
source = "registry+https://github.com/rust-lang/crates.io-index"
checksum = "17129e116933cf371d018bb80ae557e889637989d8638274fb25622827b03881"
dependencies = [
 "libc",
 "windows-sys 0.60.2",
]

[[package]]
name = "stable_deref_trait"
version = "1.2.0"
source = "registry+https://github.com/rust-lang/crates.io-index"
checksum = "a8f112729512f8e442d81f95a8a7ddf2b7c6b8a1a6f509a95864142b30cab2d3"

[[package]]
name = "static_assertions"
version = "1.1.0"
source = "registry+https://github.com/rust-lang/crates.io-index"
checksum = "a2eb9349b6444b326872e140eb1cf5e7c522154d69e7a0ffb0fb81c06b37543f"

[[package]]
name = "strsim"
version = "0.11.1"
source = "registry+https://github.com/rust-lang/crates.io-index"
checksum = "7da8b5736845d9f2fcb837ea5d9e2628564b3b043a70948a3f0b778838c5fb4f"

[[package]]
name = "syn"
version = "2.0.100"
source = "registry+https://github.com/rust-lang/crates.io-index"
checksum = "b09a44accad81e1ba1cd74a32461ba89dee89095ba17b32f5d03683b1b1fc2a0"
dependencies = [
 "proc-macro2",
 "quote",
 "unicode-ident",
]

[[package]]
name = "synstructure"
version = "0.13.1"
source = "registry+https://github.com/rust-lang/crates.io-index"
checksum = "c8af7666ab7b6390ab78131fb5b0fce11d6b7a6951602017c35fa82800708971"
dependencies = [
 "proc-macro2",
 "quote",
 "syn",
]

[[package]]
name = "tempfile"
version = "3.19.0"
source = "registry+https://github.com/rust-lang/crates.io-index"
checksum = "488960f40a3fd53d72c2a29a58722561dee8afdd175bd88e3db4677d7b2ba600"
dependencies = [
 "fastrand",
 "getrandom",
 "once_cell",
 "rustix",
 "windows-sys 0.59.0",
]

[[package]]
name = "tinystr"
version = "0.7.6"
source = "registry+https://github.com/rust-lang/crates.io-index"
checksum = "9117f5d4db391c1cf6927e7bea3db74b9a1c1add8f7eda9ffd5364f40f57b82f"
dependencies = [
 "displaydoc",
 "zerovec",
]

[[package]]
name = "tokio"
version = "1.48.0"
source = "registry+https://github.com/rust-lang/crates.io-index"
checksum = "ff360e02eab121e0bc37a2d3b4d4dc622e6eda3a8e5253d5435ecf5bd4c68408"
dependencies = [
 "bytes",
 "libc",
 "mio",
 "parking_lot",
 "pin-project-lite",
 "signal-hook-registry",
 "socket2",
 "tokio-macros",
 "tracing",
 "windows-sys 0.61.2",
]

[[package]]
name = "tokio-macros"
version = "2.6.0"
source = "registry+https://github.com/rust-lang/crates.io-index"
checksum = "af407857209536a95c8e56f8231ef2c2e2aff839b22e07a1ffcbc617e9db9fa5"
dependencies = [
 "proc-macro2",
 "quote",
 "syn",
]

[[package]]
name = "toml_datetime"
version = "0.6.8"
source = "registry+https://github.com/rust-lang/crates.io-index"
checksum = "0dd7358ecb8fc2f8d014bf86f6f638ce72ba252a2c3a2572f2a795f1d23efb41"

[[package]]
name = "toml_edit"
version = "0.22.24"
source = "registry+https://github.com/rust-lang/crates.io-index"
checksum = "17b4795ff5edd201c7cd6dca065ae59972ce77d1b80fa0a84d94950ece7d1474"
dependencies = [
 "indexmap",
 "toml_datetime",
 "winnow",
]

[[package]]
name = "tracing"
version = "0.1.41"
source = "registry+https://github.com/rust-lang/crates.io-index"
checksum = "784e0ac535deb450455cbfa28a6f0df145ea1bb7ae51b821cf5e7927fdcfbdd0"
dependencies = [
 "pin-project-lite",
 "tracing-attributes",
 "tracing-core",
]

[[package]]
name = "tracing-attributes"
version = "0.1.28"
source = "registry+https://github.com/rust-lang/crates.io-index"
checksum = "395ae124c09f9e6918a2310af6038fba074bcf474ac352496d5910dd59a2226d"
dependencies = [
 "proc-macro2",
 "quote",
 "syn",
]

[[package]]
name = "tracing-core"
version = "0.1.33"
source = "registry+https://github.com/rust-lang/crates.io-index"
checksum = "e672c95779cf947c5311f83787af4fa8fffd12fb27e4993211a84bdfd9610f9c"
dependencies = [
 "once_cell",
]

[[package]]
name = "uds_windows"
version = "1.1.0"
source = "registry+https://github.com/rust-lang/crates.io-index"
checksum = "89daebc3e6fd160ac4aa9fc8b3bf71e1f74fbf92367ae71fb83a037e8bf164b9"
dependencies = [
 "memoffset",
 "tempfile",
 "winapi",
]

[[package]]
name = "unicode-ident"
version = "1.0.18"
source = "registry+https://github.com/rust-lang/crates.io-index"
checksum = "5a5f39404a5da50712a4c1eecf25e90dd62b613502b7e925fd4e4d19b5c96512"

[[package]]
name = "url"
version = "2.5.4"
source = "registry+https://github.com/rust-lang/crates.io-index"
checksum = "32f8b686cadd1473f4bd0117a5d28d36b1ade384ea9b5069a1c40aefed7fda60"
dependencies = [
 "form_urlencoded",
 "idna",
 "percent-encoding",
 "serde",
]

[[package]]
name = "utf16_iter"
version = "1.0.5"
source = "registry+https://github.com/rust-lang/crates.io-index"
checksum = "c8232dd3cdaed5356e0f716d285e4b40b932ac434100fe9b7e0e8e935b9e6246"

[[package]]
name = "utf8_iter"
version = "1.0.4"
source = "registry+https://github.com/rust-lang/crates.io-index"
checksum = "b6c140620e7ffbb22c2dee59cafe6084a59b5ffc27a8859a5f0d494b5d52b6be"

[[package]]
name = "utf8parse"
version = "0.2.2"
source = "registry+https://github.com/rust-lang/crates.io-index"
checksum = "06abde3611657adf66d383f00b093d7faecc7fa57071cce2578660c9f1010821"

[[package]]
name = "wasi"
version = "0.11.0+wasi-snapshot-preview1"
source = "registry+https://github.com/rust-lang/crates.io-index"
checksum = "9c8d87e72b64a3b4db28d11ce29237c246188f4f51057d65a7eab63b7987e423"

[[package]]
name = "wasi"
version = "0.13.3+wasi-0.2.2"
source = "registry+https://github.com/rust-lang/crates.io-index"
checksum = "26816d2e1a4a36a2940b96c5296ce403917633dff8f3440e9b236ed6f6bacad2"
dependencies = [
 "wit-bindgen-rt",
]

[[package]]
name = "winapi"
version = "0.3.9"
source = "registry+https://github.com/rust-lang/crates.io-index"
checksum = "5c839a674fcd7a98952e593242ea400abe93992746761e38641405d28b00f419"
dependencies = [
 "winapi-i686-pc-windows-gnu",
 "winapi-x86_64-pc-windows-gnu",
]

[[package]]
name = "winapi-i686-pc-windows-gnu"
version = "0.4.0"
source = "registry+https://github.com/rust-lang/crates.io-index"
checksum = "ac3b87c63620426dd9b991e5ce0329eff545bccbbb34f3be09ff6fb6ab51b7b6"

[[package]]
name = "winapi-x86_64-pc-windows-gnu"
version = "0.4.0"
source = "registry+https://github.com/rust-lang/crates.io-index"
checksum = "712e227841d057c1ee1cd2fb22fa7e5a5461ae8e48fa2ca79ec42cfc1931183f"

[[package]]
name = "windows-link"
version = "0.2.1"
source = "registry+https://github.com/rust-lang/crates.io-index"
checksum = "f0805222e57f7521d6a62e36fa9163bc891acd422f971defe97d64e70d0a4fe5"

[[package]]
name = "windows-sys"
version = "0.59.0"
source = "registry+https://github.com/rust-lang/crates.io-index"
checksum = "1e38bc4d79ed67fd075bcc251a1c39b32a1776bbe92e5bef1f0bf1f8c531853b"
dependencies = [
 "windows-targets 0.52.6",
]

[[package]]
name = "windows-sys"
version = "0.60.2"
source = "registry+https://github.com/rust-lang/crates.io-index"
checksum = "f2f500e4d28234f72040990ec9d39e3a6b950f9f22d3dba18416c35882612bcb"
dependencies = [
 "windows-targets 0.53.5",
]

[[package]]
name = "windows-sys"
version = "0.61.2"
source = "registry+https://github.com/rust-lang/crates.io-index"
checksum = "ae137229bcbd6cdf0f7b80a31df61766145077ddf49416a728b02cb3921ff3fc"
dependencies = [
 "windows-link",
]

[[package]]
name = "windows-targets"
version = "0.52.6"
source = "registry+https://github.com/rust-lang/crates.io-index"
checksum = "9b724f72796e036ab90c1021d4780d4d3d648aca59e491e6b98e725b84e99973"
dependencies = [
 "windows_aarch64_gnullvm 0.52.6",
 "windows_aarch64_msvc 0.52.6",
 "windows_i686_gnu 0.52.6",
 "windows_i686_gnullvm 0.52.6",
 "windows_i686_msvc 0.52.6",
 "windows_x86_64_gnu 0.52.6",
 "windows_x86_64_gnullvm 0.52.6",
 "windows_x86_64_msvc 0.52.6",
]

[[package]]
name = "windows-targets"
version = "0.53.5"
source = "registry+https://github.com/rust-lang/crates.io-index"
checksum = "4945f9f551b88e0d65f3db0bc25c33b8acea4d9e41163edf90dcd0b19f9069f3"
dependencies = [
 "windows-link",
 "windows_aarch64_gnullvm 0.53.1",
 "windows_aarch64_msvc 0.53.1",
 "windows_i686_gnu 0.53.1",
 "windows_i686_gnullvm 0.53.1",
 "windows_i686_msvc 0.53.1",
 "windows_x86_64_gnu 0.53.1",
 "windows_x86_64_gnullvm 0.53.1",
 "windows_x86_64_msvc 0.53.1",
]

[[package]]
name = "windows_aarch64_gnullvm"
version = "0.52.6"
source = "registry+https://github.com/rust-lang/crates.io-index"
checksum = "32a4622180e7a0ec044bb555404c800bc9fd9ec262ec147edd5989ccd0c02cd3"

[[package]]
name = "windows_aarch64_gnullvm"
version = "0.53.1"
source = "registry+https://github.com/rust-lang/crates.io-index"
checksum = "a9d8416fa8b42f5c947f8482c43e7d89e73a173cead56d044f6a56104a6d1b53"

[[package]]
name = "windows_aarch64_msvc"
version = "0.52.6"
source = "registry+https://github.com/rust-lang/crates.io-index"
checksum = "09ec2a7bb152e2252b53fa7803150007879548bc709c039df7627cabbd05d469"

[[package]]
name = "windows_aarch64_msvc"
version = "0.53.1"
source = "registry+https://github.com/rust-lang/crates.io-index"
checksum = "b9d782e804c2f632e395708e99a94275910eb9100b2114651e04744e9b125006"

[[package]]
name = "windows_i686_gnu"
version = "0.52.6"
source = "registry+https://github.com/rust-lang/crates.io-index"
checksum = "8e9b5ad5ab802e97eb8e295ac6720e509ee4c243f69d781394014ebfe8bbfa0b"

[[package]]
name = "windows_i686_gnu"
version = "0.53.1"
source = "registry+https://github.com/rust-lang/crates.io-index"
checksum = "960e6da069d81e09becb0ca57a65220ddff016ff2d6af6a223cf372a506593a3"

[[package]]
name = "windows_i686_gnullvm"
version = "0.52.6"
source = "registry+https://github.com/rust-lang/crates.io-index"
checksum = "0eee52d38c090b3caa76c563b86c3a4bd71ef1a819287c19d586d7334ae8ed66"

[[package]]
name = "windows_i686_gnullvm"
version = "0.53.1"
source = "registry+https://github.com/rust-lang/crates.io-index"
checksum = "fa7359d10048f68ab8b09fa71c3daccfb0e9b559aed648a8f95469c27057180c"

[[package]]
name = "windows_i686_msvc"
version = "0.52.6"
source = "registry+https://github.com/rust-lang/crates.io-index"
checksum = "240948bc05c5e7c6dabba28bf89d89ffce3e303022809e73deaefe4f6ec56c66"

[[package]]
name = "windows_i686_msvc"
version = "0.53.1"
source = "registry+https://github.com/rust-lang/crates.io-index"
checksum = "1e7ac75179f18232fe9c285163565a57ef8d3c89254a30685b57d83a38d326c2"

[[package]]
name = "windows_x86_64_gnu"
version = "0.52.6"
source = "registry+https://github.com/rust-lang/crates.io-index"
checksum = "147a5c80aabfbf0c7d901cb5895d1de30ef2907eb21fbbab29ca94c5b08b1a78"

[[package]]
name = "windows_x86_64_gnu"
version = "0.53.1"
source = "registry+https://github.com/rust-lang/crates.io-index"
checksum = "9c3842cdd74a865a8066ab39c8a7a473c0778a3f29370b5fd6b4b9aa7df4a499"

[[package]]
name = "windows_x86_64_gnullvm"
version = "0.52.6"
source = "registry+https://github.com/rust-lang/crates.io-index"
checksum = "24d5b23dc417412679681396f2b49f3de8c1473deb516bd34410872eff51ed0d"

[[package]]
name = "windows_x86_64_gnullvm"
version = "0.53.1"
source = "registry+https://github.com/rust-lang/crates.io-index"
checksum = "0ffa179e2d07eee8ad8f57493436566c7cc30ac536a3379fdf008f47f6bb7ae1"

[[package]]
name = "windows_x86_64_msvc"
version = "0.52.6"
source = "registry+https://github.com/rust-lang/crates.io-index"
checksum = "589f6da84c646204747d1270a2a5661ea66ed1cced2631d546fdfb155959f9ec"

[[package]]
name = "windows_x86_64_msvc"
version = "0.53.1"
source = "registry+https://github.com/rust-lang/crates.io-index"
checksum = "d6bbff5f0aada427a1e5a6da5f1f98158182f26556f345ac9e04d36d0ebed650"

[[package]]
name = "winnow"
version = "0.7.4"
source = "registry+https://github.com/rust-lang/crates.io-index"
checksum = "0e97b544156e9bebe1a0ffbc03484fc1ffe3100cbce3ffb17eac35f7cdd7ab36"
dependencies = [
 "memchr",
]

[[package]]
name = "wit-bindgen-rt"
version = "0.33.0"
source = "registry+https://github.com/rust-lang/crates.io-index"
checksum = "3268f3d866458b787f390cf61f4bbb563b922d091359f9608842999eaee3943c"
dependencies = [
 "bitflags",
]

[[package]]
name = "write16"
version = "1.0.0"
source = "registry+https://github.com/rust-lang/crates.io-index"
checksum = "d1890f4022759daae28ed4fe62859b1236caebfc61ede2f63ed4e695f3f6d936"

[[package]]
name = "writeable"
version = "0.5.5"
source = "registry+https://github.com/rust-lang/crates.io-index"
checksum = "1e9df38ee2d2c3c5948ea468a8406ff0db0b29ae1ffde1bcf20ef305bcc95c51"

[[package]]
name = "xdg"
version = "2.5.2"
source = "registry+https://github.com/rust-lang/crates.io-index"
checksum = "213b7324336b53d2414b2db8537e56544d981803139155afa84f76eeebb7a546"

[[package]]
name = "xdg-home"
version = "1.3.0"
source = "registry+https://github.com/rust-lang/crates.io-index"
checksum = "ec1cdab258fb55c0da61328dc52c8764709b249011b2cad0454c72f0bf10a1f6"
dependencies = [
 "libc",
 "windows-sys 0.59.0",
]

[[package]]
name = "yoke"
version = "0.7.5"
source = "registry+https://github.com/rust-lang/crates.io-index"
checksum = "120e6aef9aa629e3d4f52dc8cc43a015c7724194c97dfaf45180d2daf2b77f40"
dependencies = [
 "serde",
 "stable_deref_trait",
 "yoke-derive",
 "zerofrom",
]

[[package]]
name = "yoke-derive"
version = "0.7.5"
source = "registry+https://github.com/rust-lang/crates.io-index"
checksum = "2380878cad4ac9aac1e2435f3eb4020e8374b5f13c296cb75b4620ff8e229154"
dependencies = [
 "proc-macro2",
 "quote",
 "syn",
 "synstructure",
]

[[package]]
name = "zbus"
version = "5.5.0"
source = "registry+https://github.com/rust-lang/crates.io-index"
checksum = "59c333f648ea1b647bc95dc1d34807c8e25ed7a6feff3394034dc4776054b236"
dependencies = [
 "async-broadcast",
 "async-recursion",
 "async-trait",
 "enumflags2",
 "event-listener",
 "futures-core",
 "futures-lite",
 "hex",
 "nix",
 "ordered-stream",
 "serde",
 "serde_repr",
 "static_assertions",
 "tokio",
 "tracing",
 "uds_windows",
 "windows-sys 0.59.0",
 "winnow",
 "xdg-home",
 "zbus_macros",
 "zbus_names",
 "zvariant",
]

[[package]]
name = "zbus_macros"
version = "5.5.0"
source = "registry+https://github.com/rust-lang/crates.io-index"
checksum = "f325ad10eb0d0a3eb060203494c3b7ec3162a01a59db75d2deee100339709fc0"
dependencies = [
 "proc-macro-crate",
 "proc-macro2",
 "quote",
 "syn",
 "zbus_names",
 "zvariant",
 "zvariant_utils",
]

[[package]]
name = "zbus_names"
version = "4.2.0"
source = "registry+https://github.com/rust-lang/crates.io-index"
checksum = "7be68e64bf6ce8db94f63e72f0c7eb9a60d733f7e0499e628dfab0f84d6bcb97"
dependencies = [
 "serde",
 "static_assertions",
 "winnow",
 "zvariant",
]

[[package]]
name = "zerocopy"
version = "0.8.23"
source = "registry+https://github.com/rust-lang/crates.io-index"
checksum = "fd97444d05a4328b90e75e503a34bad781f14e28a823ad3557f0750df1ebcbc6"
dependencies = [
 "zerocopy-derive",
]

[[package]]
name = "zerocopy-derive"
version = "0.8.23"
source = "registry+https://github.com/rust-lang/crates.io-index"
checksum = "6352c01d0edd5db859a63e2605f4ea3183ddbd15e2c4a9e7d32184df75e4f154"
dependencies = [
 "proc-macro2",
 "quote",
 "syn",
]

[[package]]
name = "zerofrom"
version = "0.1.6"
source = "registry+https://github.com/rust-lang/crates.io-index"
checksum = "50cc42e0333e05660c3587f3bf9d0478688e15d870fab3346451ce7f8c9fbea5"
dependencies = [
 "zerofrom-derive",
]

[[package]]
name = "zerofrom-derive"
version = "0.1.6"
source = "registry+https://github.com/rust-lang/crates.io-index"
checksum = "d71e5d6e06ab090c67b5e44993ec16b72dcbaabc526db883a360057678b48502"
dependencies = [
 "proc-macro2",
 "quote",
 "syn",
 "synstructure",
]

[[package]]
name = "zerovec"
version = "0.10.4"
source = "registry+https://github.com/rust-lang/crates.io-index"
checksum = "aa2b893d79df23bfb12d5461018d408ea19dfafe76c2c7ef6d4eba614f8ff079"
dependencies = [
 "yoke",
 "zerofrom",
 "zerovec-derive",
]

[[package]]
name = "zerovec-derive"
version = "0.10.3"
source = "registry+https://github.com/rust-lang/crates.io-index"
checksum = "6eafa6dfb17584ea3e2bd6e76e0cc15ad7af12b09abdd1ca55961bed9b1063c6"
dependencies = [
 "proc-macro2",
 "quote",
 "syn",
]

[[package]]
name = "zvariant"
version = "5.4.0"
source = "registry+https://github.com/rust-lang/crates.io-index"
checksum = "b2df9ee044893fcffbdc25de30546edef3e32341466811ca18421e3cd6c5a3ac"
dependencies = [
 "endi",
 "enumflags2",
 "serde",
 "static_assertions",
 "url",
 "winnow",
 "zvariant_derive",
 "zvariant_utils",
]

[[package]]
name = "zvariant_derive"
version = "5.4.0"
source = "registry+https://github.com/rust-lang/crates.io-index"
checksum = "74170caa85b8b84cc4935f2d56a57c7a15ea6185ccdd7eadb57e6edd90f94b2f"
dependencies = [
 "proc-macro-crate",
 "proc-macro2",
 "quote",
 "syn",
 "zvariant_utils",
]

[[package]]
name = "zvariant_utils"
version = "3.2.0"
source = "registry+https://github.com/rust-lang/crates.io-index"
checksum = "e16edfee43e5d7b553b77872d99bc36afdda75c223ca7ad5e3fbecd82ca5fc34"
dependencies = [
 "proc-macro2",
 "quote",
 "serde",
 "static_assertions",
 "syn",
 "winnow",
]
